
Microsoft Visual Studio Solution File, Format Version 12.00
# Visual Studio Version 17
VisualStudioVersion = 17.0.31903.59
MinimumVisualStudioVersion = 10.0.40219.1
Project("{FAE04EC0-301F-11D3-BF4B-00C04F79EFBC}") = "Lazy", "Lazy\Lazy.csproj", "{D0AD709E-DFA6-4AFE-87DC-E9B041BD14A8}"
EndProject
Project("{FAE04EC0-301F-11D3-BF4B-00C04F79EFBC}") = "LazyTests", "LazyTests\LazyTests.csproj", "{67B3804B-AAE8-425A-BC51-FEDB97E4DC50}"
EndProject
Global
	GlobalSection(SolutionConfigurationPlatforms) = preSolution
		Debug|Any CPU = Debug|Any CPU
		Release|Any CPU = Release|Any CPU
	EndGlobalSection
	GlobalSection(SolutionProperties) = preSolution
		HideSolutionNode = FALSE
	EndGlobalSection
	GlobalSection(ProjectConfigurationPlatforms) = postSolution
		{D0AD709E-DFA6-4AFE-87DC-E9B041BD14A8}.Debug|Any CPU.ActiveCfg = Debug|Any CPU
		{D0AD709E-DFA6-4AFE-87DC-E9B041BD14A8}.Debug|Any CPU.Build.0 = Debug|Any CPU
		{D0AD709E-DFA6-4AFE-87DC-E9B041BD14A8}.Release|Any CPU.ActiveCfg = Release|Any CPU
		{D0AD709E-DFA6-4AFE-87DC-E9B041BD14A8}.Release|Any CPU.Build.0 = Release|Any CPU
		{67B3804B-AAE8-425A-BC51-FEDB97E4DC50}.Debug|Any CPU.ActiveCfg = Debug|Any CPU
		{67B3804B-AAE8-425A-BC51-FEDB97E4DC50}.Debug|Any CPU.Build.0 = Debug|Any CPU
		{67B3804B-AAE8-425A-BC51-FEDB97E4DC50}.Release|Any CPU.ActiveCfg = Release|Any CPU
		{67B3804B-AAE8-425A-BC51-FEDB97E4DC50}.Release|Any CPU.Build.0 = Release|Any CPU
	EndGlobalSection
EndGlobal
